
Microsoft Visual Studio Solution File, Format Version 12.00
# Visual Studio Version 16
VisualStudioVersion = 16.0.30523.141
MinimumVisualStudioVersion = 10.0.40219.1
Project("{FAE04EC0-301F-11D3-BF4B-00C04F79EFBC}") = "StrongNumber", "StrongNumber.csproj", "{515179FD-378E-484B-9CAF-94151BF6E055}"
EndProject
Global
	GlobalSection(SolutionConfigurationPlatforms) = preSolution
		Debug|Any CPU = Debug|Any CPU
		Release|Any CPU = Release|Any CPU
	EndGlobalSection
	GlobalSection(ProjectConfigurationPlatforms) = postSolution
		{515179FD-378E-484B-9CAF-94151BF6E055}.Debug|Any CPU.ActiveCfg = Debug|Any CPU
		{515179FD-378E-484B-9CAF-94151BF6E055}.Debug|Any CPU.Build.0 = Debug|Any CPU
		{515179FD-378E-484B-9CAF-94151BF6E055}.Release|Any CPU.ActiveCfg = Release|Any CPU
		{515179FD-378E-484B-9CAF-94151BF6E055}.Release|Any CPU.Build.0 = Release|Any CPU
	EndGlobalSection
	GlobalSection(SolutionProperties) = preSolution
		HideSolutionNode = FALSE
	EndGlobalSection
	GlobalSection(ExtensibilityGlobals) = postSolution
		SolutionGuid = {E1CF1E24-A595-41AB-8A82-C8BED9F055FA}
	EndGlobalSection
EndGlobal
