
Microsoft Visual Studio Solution File, Format Version 12.00
# Visual Studio Version 16
VisualStudioVersion = 16.0.30523.141
MinimumVisualStudioVersion = 10.0.40219.1
Project("{FAE04EC0-301F-11D3-BF4B-00C04F79EFBC}") = "NxNMatrix", "NxNMatrix.csproj", "{59DFFCAE-1E17-453C-B27D-FFE3A517D8BB}"
EndProject
Global
	GlobalSection(SolutionConfigurationPlatforms) = preSolution
		Debug|Any CPU = Debug|Any CPU
		Release|Any CPU = Release|Any CPU
	EndGlobalSection
	GlobalSection(ProjectConfigurationPlatforms) = postSolution
		{59DFFCAE-1E17-453C-B27D-FFE3A517D8BB}.Debug|Any CPU.ActiveCfg = Debug|Any CPU
		{59DFFCAE-1E17-453C-B27D-FFE3A517D8BB}.Debug|Any CPU.Build.0 = Debug|Any CPU
		{59DFFCAE-1E17-453C-B27D-FFE3A517D8BB}.Release|Any CPU.ActiveCfg = Release|Any CPU
		{59DFFCAE-1E17-453C-B27D-FFE3A517D8BB}.Release|Any CPU.Build.0 = Release|Any CPU
	EndGlobalSection
	GlobalSection(SolutionProperties) = preSolution
		HideSolutionNode = FALSE
	EndGlobalSection
	GlobalSection(ExtensibilityGlobals) = postSolution
		SolutionGuid = {09B19E43-1F1B-4EC8-9FF6-AE00370A0983}
	EndGlobalSection
EndGlobal
