
Microsoft Visual Studio Solution File, Format Version 12.00
# Visual Studio Version 16
VisualStudioVersion = 16.0.30621.155
MinimumVisualStudioVersion = 10.0.40219.1
Project("{FAE04EC0-301F-11D3-BF4B-00C04F79EFBC}") = "ReplaceRepeatingCharacter", "ReplaceRepeatingCharacter.csproj", "{EC719A4B-90E7-4857-B14D-C32E29C464DF}"
EndProject
Global
	GlobalSection(SolutionConfigurationPlatforms) = preSolution
		Debug|Any CPU = Debug|Any CPU
		Release|Any CPU = Release|Any CPU
	EndGlobalSection
	GlobalSection(ProjectConfigurationPlatforms) = postSolution
		{EC719A4B-90E7-4857-B14D-C32E29C464DF}.Debug|Any CPU.ActiveCfg = Debug|Any CPU
		{EC719A4B-90E7-4857-B14D-C32E29C464DF}.Debug|Any CPU.Build.0 = Debug|Any CPU
		{EC719A4B-90E7-4857-B14D-C32E29C464DF}.Release|Any CPU.ActiveCfg = Release|Any CPU
		{EC719A4B-90E7-4857-B14D-C32E29C464DF}.Release|Any CPU.Build.0 = Release|Any CPU
	EndGlobalSection
	GlobalSection(SolutionProperties) = preSolution
		HideSolutionNode = FALSE
	EndGlobalSection
	GlobalSection(ExtensibilityGlobals) = postSolution
		SolutionGuid = {314D358C-A78D-4BB2-A21E-1200DC6A2455}
	EndGlobalSection
EndGlobal
