
Microsoft Visual Studio Solution File, Format Version 12.00
# Visual Studio Version 16
VisualStudioVersion = 16.0.30621.155
MinimumVisualStudioVersion = 10.0.40219.1
Project("{FAE04EC0-301F-11D3-BF4B-00C04F79EFBC}") = "CountCharsInAString", "CountCharsInAString.csproj", "{EC24844A-1409-4D34-AF9B-2DE910959249}"
EndProject
Global
	GlobalSection(SolutionConfigurationPlatforms) = preSolution
		Debug|Any CPU = Debug|Any CPU
		Release|Any CPU = Release|Any CPU
	EndGlobalSection
	GlobalSection(ProjectConfigurationPlatforms) = postSolution
		{EC24844A-1409-4D34-AF9B-2DE910959249}.Debug|Any CPU.ActiveCfg = Debug|Any CPU
		{EC24844A-1409-4D34-AF9B-2DE910959249}.Debug|Any CPU.Build.0 = Debug|Any CPU
		{EC24844A-1409-4D34-AF9B-2DE910959249}.Release|Any CPU.ActiveCfg = Release|Any CPU
		{EC24844A-1409-4D34-AF9B-2DE910959249}.Release|Any CPU.Build.0 = Release|Any CPU
	EndGlobalSection
	GlobalSection(SolutionProperties) = preSolution
		HideSolutionNode = FALSE
	EndGlobalSection
	GlobalSection(ExtensibilityGlobals) = postSolution
		SolutionGuid = {6601FD83-89FE-437D-A4AA-F1BE64691A1B}
	EndGlobalSection
EndGlobal
