
Microsoft Visual Studio Solution File, Format Version 12.00
# Visual Studio Version 16
VisualStudioVersion = 16.0.30523.141
MinimumVisualStudioVersion = 10.0.40219.1
Project("{FAE04EC0-301F-11D3-BF4B-00C04F79EFBC}") = "CharactersInRange", "CharactersInRange.csproj", "{88DE9888-ACF6-4BFD-A598-AE72665E8825}"
EndProject
Global
	GlobalSection(SolutionConfigurationPlatforms) = preSolution
		Debug|Any CPU = Debug|Any CPU
		Release|Any CPU = Release|Any CPU
	EndGlobalSection
	GlobalSection(ProjectConfigurationPlatforms) = postSolution
		{88DE9888-ACF6-4BFD-A598-AE72665E8825}.Debug|Any CPU.ActiveCfg = Debug|Any CPU
		{88DE9888-ACF6-4BFD-A598-AE72665E8825}.Debug|Any CPU.Build.0 = Debug|Any CPU
		{88DE9888-ACF6-4BFD-A598-AE72665E8825}.Release|Any CPU.ActiveCfg = Release|Any CPU
		{88DE9888-ACF6-4BFD-A598-AE72665E8825}.Release|Any CPU.Build.0 = Release|Any CPU
	EndGlobalSection
	GlobalSection(SolutionProperties) = preSolution
		HideSolutionNode = FALSE
	EndGlobalSection
	GlobalSection(ExtensibilityGlobals) = postSolution
		SolutionGuid = {41642455-E680-46C2-9D83-DA03FDA3A53B}
	EndGlobalSection
EndGlobal
