
Microsoft Visual Studio Solution File, Format Version 12.00
# Visual Studio Version 16
VisualStudioVersion = 16.0.30523.141
MinimumVisualStudioVersion = 10.0.40219.1
Project("{FAE04EC0-301F-11D3-BF4B-00C04F79EFBC}") = "Division", "Division.csproj", "{36254E2D-CC95-41A5-8530-8FD4D27981A1}"
EndProject
Global
	GlobalSection(SolutionConfigurationPlatforms) = preSolution
		Debug|Any CPU = Debug|Any CPU
		Release|Any CPU = Release|Any CPU
	EndGlobalSection
	GlobalSection(ProjectConfigurationPlatforms) = postSolution
		{36254E2D-CC95-41A5-8530-8FD4D27981A1}.Debug|Any CPU.ActiveCfg = Debug|Any CPU
		{36254E2D-CC95-41A5-8530-8FD4D27981A1}.Debug|Any CPU.Build.0 = Debug|Any CPU
		{36254E2D-CC95-41A5-8530-8FD4D27981A1}.Release|Any CPU.ActiveCfg = Release|Any CPU
		{36254E2D-CC95-41A5-8530-8FD4D27981A1}.Release|Any CPU.Build.0 = Release|Any CPU
	EndGlobalSection
	GlobalSection(SolutionProperties) = preSolution
		HideSolutionNode = FALSE
	EndGlobalSection
	GlobalSection(ExtensibilityGlobals) = postSolution
		SolutionGuid = {00BBF1AF-E1F3-416E-AFD0-73017EABC686}
	EndGlobalSection
EndGlobal
