
Microsoft Visual Studio Solution File, Format Version 12.00
# Visual Studio Version 16
VisualStudioVersion = 16.0.30621.155
MinimumVisualStudioVersion = 10.0.40219.1
Project("{FAE04EC0-301F-11D3-BF4B-00C04F79EFBC}") = "MinerTask", "MinerTask.csproj", "{78757E59-DE0D-4993-B3C0-15E261B42838}"
EndProject
Global
	GlobalSection(SolutionConfigurationPlatforms) = preSolution
		Debug|Any CPU = Debug|Any CPU
		Release|Any CPU = Release|Any CPU
	EndGlobalSection
	GlobalSection(ProjectConfigurationPlatforms) = postSolution
		{78757E59-DE0D-4993-B3C0-15E261B42838}.Debug|Any CPU.ActiveCfg = Debug|Any CPU
		{78757E59-DE0D-4993-B3C0-15E261B42838}.Debug|Any CPU.Build.0 = Debug|Any CPU
		{78757E59-DE0D-4993-B3C0-15E261B42838}.Release|Any CPU.ActiveCfg = Release|Any CPU
		{78757E59-DE0D-4993-B3C0-15E261B42838}.Release|Any CPU.Build.0 = Release|Any CPU
	EndGlobalSection
	GlobalSection(SolutionProperties) = preSolution
		HideSolutionNode = FALSE
	EndGlobalSection
	GlobalSection(ExtensibilityGlobals) = postSolution
		SolutionGuid = {EEEA628B-8DE3-4A51-AF51-263DB172C545}
	EndGlobalSection
EndGlobal
