
Microsoft Visual Studio Solution File, Format Version 12.00
# Visual Studio Version 16
VisualStudioVersion = 16.0.30523.141
MinimumVisualStudioVersion = 10.0.40219.1
Project("{FAE04EC0-301F-11D3-BF4B-00C04F79EFBC}") = "Vacation", "Vacation.csproj", "{9FF33309-7F65-4B9F-871E-523D1EFA106C}"
EndProject
Global
	GlobalSection(SolutionConfigurationPlatforms) = preSolution
		Debug|Any CPU = Debug|Any CPU
		Release|Any CPU = Release|Any CPU
	EndGlobalSection
	GlobalSection(ProjectConfigurationPlatforms) = postSolution
		{9FF33309-7F65-4B9F-871E-523D1EFA106C}.Debug|Any CPU.ActiveCfg = Debug|Any CPU
		{9FF33309-7F65-4B9F-871E-523D1EFA106C}.Debug|Any CPU.Build.0 = Debug|Any CPU
		{9FF33309-7F65-4B9F-871E-523D1EFA106C}.Release|Any CPU.ActiveCfg = Release|Any CPU
		{9FF33309-7F65-4B9F-871E-523D1EFA106C}.Release|Any CPU.Build.0 = Release|Any CPU
	EndGlobalSection
	GlobalSection(SolutionProperties) = preSolution
		HideSolutionNode = FALSE
	EndGlobalSection
	GlobalSection(ExtensibilityGlobals) = postSolution
		SolutionGuid = {760B3BA6-8D1C-4B1D-8CA5-B35B7F589AB1}
	EndGlobalSection
EndGlobal
