
Microsoft Visual Studio Solution File, Format Version 12.00
# Visual Studio Version 16
VisualStudioVersion = 16.0.30523.141
MinimumVisualStudioVersion = 10.0.40219.1
Project("{FAE04EC0-301F-11D3-BF4B-00C04F79EFBC}") = "BombNumbers", "BombNumbers.csproj", "{F8BECB9C-CF87-4757-B47D-F39618033A24}"
EndProject
Global
	GlobalSection(SolutionConfigurationPlatforms) = preSolution
		Debug|Any CPU = Debug|Any CPU
		Release|Any CPU = Release|Any CPU
	EndGlobalSection
	GlobalSection(ProjectConfigurationPlatforms) = postSolution
		{F8BECB9C-CF87-4757-B47D-F39618033A24}.Debug|Any CPU.ActiveCfg = Debug|Any CPU
		{F8BECB9C-CF87-4757-B47D-F39618033A24}.Debug|Any CPU.Build.0 = Debug|Any CPU
		{F8BECB9C-CF87-4757-B47D-F39618033A24}.Release|Any CPU.ActiveCfg = Release|Any CPU
		{F8BECB9C-CF87-4757-B47D-F39618033A24}.Release|Any CPU.Build.0 = Release|Any CPU
	EndGlobalSection
	GlobalSection(SolutionProperties) = preSolution
		HideSolutionNode = FALSE
	EndGlobalSection
	GlobalSection(ExtensibilityGlobals) = postSolution
		SolutionGuid = {C3106E5B-0E08-456B-AEAD-B91FC37CDA44}
	EndGlobalSection
EndGlobal
