
Microsoft Visual Studio Solution File, Format Version 12.00
# Visual Studio Version 16
VisualStudioVersion = 16.0.30621.155
MinimumVisualStudioVersion = 10.0.40219.1
Project("{FAE04EC0-301F-11D3-BF4B-00C04F79EFBC}") = "MultiplyBigNumber", "MultiplyBigNumber.csproj", "{311A7559-29EA-48B9-919B-80DC0B575CC4}"
EndProject
Global
	GlobalSection(SolutionConfigurationPlatforms) = preSolution
		Debug|Any CPU = Debug|Any CPU
		Release|Any CPU = Release|Any CPU
	EndGlobalSection
	GlobalSection(ProjectConfigurationPlatforms) = postSolution
		{311A7559-29EA-48B9-919B-80DC0B575CC4}.Debug|Any CPU.ActiveCfg = Debug|Any CPU
		{311A7559-29EA-48B9-919B-80DC0B575CC4}.Debug|Any CPU.Build.0 = Debug|Any CPU
		{311A7559-29EA-48B9-919B-80DC0B575CC4}.Release|Any CPU.ActiveCfg = Release|Any CPU
		{311A7559-29EA-48B9-919B-80DC0B575CC4}.Release|Any CPU.Build.0 = Release|Any CPU
	EndGlobalSection
	GlobalSection(SolutionProperties) = preSolution
		HideSolutionNode = FALSE
	EndGlobalSection
	GlobalSection(ExtensibilityGlobals) = postSolution
		SolutionGuid = {77DA4A0A-7067-4A6F-8726-04D1E4B6BBE0}
	EndGlobalSection
EndGlobal
