
Microsoft Visual Studio Solution File, Format Version 12.00
# Visual Studio Version 16
VisualStudioVersion = 16.0.30523.141
MinimumVisualStudioVersion = 10.0.40219.1
Project("{FAE04EC0-301F-11D3-BF4B-00C04F79EFBC}") = "Ages", "Ages\Ages.csproj", "{89522458-769C-4B2D-BB19-1469D53B6C03}"
EndProject
Global
	GlobalSection(SolutionConfigurationPlatforms) = preSolution
		Debug|Any CPU = Debug|Any CPU
		Release|Any CPU = Release|Any CPU
	EndGlobalSection
	GlobalSection(ProjectConfigurationPlatforms) = postSolution
		{89522458-769C-4B2D-BB19-1469D53B6C03}.Debug|Any CPU.ActiveCfg = Debug|Any CPU
		{89522458-769C-4B2D-BB19-1469D53B6C03}.Debug|Any CPU.Build.0 = Debug|Any CPU
		{89522458-769C-4B2D-BB19-1469D53B6C03}.Release|Any CPU.ActiveCfg = Release|Any CPU
		{89522458-769C-4B2D-BB19-1469D53B6C03}.Release|Any CPU.Build.0 = Release|Any CPU
	EndGlobalSection
	GlobalSection(SolutionProperties) = preSolution
		HideSolutionNode = FALSE
	EndGlobalSection
	GlobalSection(ExtensibilityGlobals) = postSolution
		SolutionGuid = {C785C8CD-5A59-4705-8E9C-91CC78F3B299}
	EndGlobalSection
EndGlobal
